// !$*UTF8*$!
{
	archiveVersion = 1;
	classes = {
	};
	objectVersion = 50;
	objects = {

/* Begin PBXBuildFile section */
		053EC8C526298EF600ED1FD0 /* Memo WatchKit App.app in Embed Watch Content */ = {isa = PBXBuildFile; fileRef = 053EC8C426298EF600ED1FD0 /* Memo WatchKit App.app */; settings = {ATTRIBUTES = (RemoveHeadersOnCopy, ); }; };
		053EC8CA26298EF600ED1FD0 /* Assets.xcassets in Resources */ = {isa = PBXBuildFile; fileRef = 053EC8C926298EF600ED1FD0 /* Assets.xcassets */; };
		053EC8D126298EF700ED1FD0 /* Memo WatchKit Extension.appex in Embed App Extensions */ = {isa = PBXBuildFile; fileRef = 053EC8D026298EF700ED1FD0 /* Memo WatchKit Extension.appex */; settings = {ATTRIBUTES = (RemoveHeadersOnCopy, ); }; };
		053EC8D626298EF700ED1FD0 /* MemoApp.swift in Sources */ = {isa = PBXBuildFile; fileRef = 053EC8D526298EF700ED1FD0 /* MemoApp.swift */; };
		053EC8D826298EF700ED1FD0 /* ContentView.swift in Sources */ = {isa = PBXBuildFile; fileRef = 053EC8D726298EF700ED1FD0 /* ContentView.swift */; };
		053EC8DA26298EF700ED1FD0 /* NotificationController.swift in Sources */ = {isa = PBXBuildFile; fileRef = 053EC8D926298EF700ED1FD0 /* NotificationController.swift */; };
		053EC8DC26298EF700ED1FD0 /* NotificationView.swift in Sources */ = {isa = PBXBuildFile; fileRef = 053EC8DB26298EF700ED1FD0 /* NotificationView.swift */; };
		053EC8DE26298EF700ED1FD0 /* ComplicationController.swift in Sources */ = {isa = PBXBuildFile; fileRef = 053EC8DD26298EF700ED1FD0 /* ComplicationController.swift */; };
		053EC8E026298EF700ED1FD0 /* Assets.xcassets in Resources */ = {isa = PBXBuildFile; fileRef = 053EC8DF26298EF700ED1FD0 /* Assets.xcassets */; };
		053EC8E326298EF700ED1FD0 /* Preview Assets.xcassets in Resources */ = {isa = PBXBuildFile; fileRef = 053EC8E226298EF700ED1FD0 /* Preview Assets.xcassets */; };
/* End PBXBuildFile section */

/* Begin PBXContainerItemProxy section */
		053EC8C626298EF600ED1FD0 /* PBXContainerItemProxy */ = {
			isa = PBXContainerItemProxy;
			containerPortal = 053EC8BA26298EF600ED1FD0 /* Project object */;
			proxyType = 1;
			remoteGlobalIDString = 053EC8C326298EF600ED1FD0;
			remoteInfo = "Memo WatchKit App";
		};
		053EC8D226298EF700ED1FD0 /* PBXContainerItemProxy */ = {
			isa = PBXContainerItemProxy;
			containerPortal = 053EC8BA26298EF600ED1FD0 /* Project object */;
			proxyType = 1;
			remoteGlobalIDString = 053EC8CF26298EF700ED1FD0;
			remoteInfo = "Memo WatchKit Extension";
		};
/* End PBXContainerItemProxy section */

/* Begin PBXCopyFilesBuildPhase section */
		053EC8EB26298EF700ED1FD0 /* Embed App Extensions */ = {
			isa = PBXCopyFilesBuildPhase;
			buildActionMask = 2147483647;
			dstPath = "";
			dstSubfolderSpec = 13;
			files = (
				053EC8D126298EF700ED1FD0 /* Memo WatchKit Extension.appex in Embed App Extensions */,
			);
			name = "Embed App Extensions";
			runOnlyForDeploymentPostprocessing = 0;
		};
		053EC8EF26298EF700ED1FD0 /* Embed Watch Content */ = {
			isa = PBXCopyFilesBuildPhase;
			buildActionMask = 2147483647;
			dstPath = "$(CONTENTS_FOLDER_PATH)/Watch";
			dstSubfolderSpec = 16;
			files = (
				053EC8C526298EF600ED1FD0 /* Memo WatchKit App.app in Embed Watch Content */,
			);
			name = "Embed Watch Content";
			runOnlyForDeploymentPostprocessing = 0;
		};
/* End PBXCopyFilesBuildPhase section */

/* Begin PBXFileReference section */
		053EC8C026298EF600ED1FD0 /* Memo.app */ = {isa = PBXFileReference; explicitFileType = wrapper.application; includeInIndex = 0; path = Memo.app; sourceTree = BUILT_PRODUCTS_DIR; };
		053EC8C426298EF600ED1FD0 /* Memo WatchKit App.app */ = {isa = PBXFileReference; explicitFileType = wrapper.application; includeInIndex = 0; path = "Memo WatchKit App.app"; sourceTree = BUILT_PRODUCTS_DIR; };
		053EC8C926298EF600ED1FD0 /* Assets.xcassets */ = {isa = PBXFileReference; lastKnownFileType = folder.assetcatalog; path = Assets.xcassets; sourceTree = "<group>"; };
		053EC8CB26298EF600ED1FD0 /* Info.plist */ = {isa = PBXFileReference; lastKnownFileType = text.plist.xml; path = Info.plist; sourceTree = "<group>"; };
		053EC8D026298EF700ED1FD0 /* Memo WatchKit Extension.appex */ = {isa = PBXFileReference; explicitFileType = "wrapper.app-extension"; includeInIndex = 0; path = "Memo WatchKit Extension.appex"; sourceTree = BUILT_PRODUCTS_DIR; };
		053EC8D526298EF700ED1FD0 /* MemoApp.swift */ = {isa = PBXFileReference; lastKnownFileType = sourcecode.swift; path = MemoApp.swift; sourceTree = "<group>"; };
		053EC8D726298EF700ED1FD0 /* ContentView.swift */ = {isa = PBXFileReference; lastKnownFileType = sourcecode.swift; path = ContentView.swift; sourceTree = "<group>"; };
		053EC8D926298EF700ED1FD0 /* NotificationController.swift */ = {isa = PBXFileReference; lastKnownFileType = sourcecode.swift; path = NotificationController.swift; sourceTree = "<group>"; };
		053EC8DB26298EF700ED1FD0 /* NotificationView.swift */ = {isa = PBXFileReference; lastKnownFileType = sourcecode.swift; path = NotificationView.swift; sourceTree = "<group>"; };
		053EC8DD26298EF700ED1FD0 /* ComplicationController.swift */ = {isa = PBXFileReference; lastKnownFileType = sourcecode.swift; path = ComplicationController.swift; sourceTree = "<group>"; };
		053EC8DF26298EF700ED1FD0 /* Assets.xcassets */ = {isa = PBXFileReference; lastKnownFileType = folder.assetcatalog; path = Assets.xcassets; sourceTree = "<group>"; };
		053EC8E226298EF700ED1FD0 /* Preview Assets.xcassets */ = {isa = PBXFileReference; lastKnownFileType = folder.assetcatalog; path = "Preview Assets.xcassets"; sourceTree = "<group>"; };
		053EC8E426298EF700ED1FD0 /* Info.plist */ = {isa = PBXFileReference; lastKnownFileType = text.plist.xml; path = Info.plist; sourceTree = "<group>"; };
		053EC8E526298EF700ED1FD0 /* PushNotificationPayload.apns */ = {isa = PBXFileReference; lastKnownFileType = text; path = PushNotificationPayload.apns; sourceTree = "<group>"; };
/* End PBXFileReference section */

/* Begin PBXFrameworksBuildPhase section */
		053EC8CD26298EF700ED1FD0 /* Frameworks */ = {
			isa = PBXFrameworksBuildPhase;
			buildActionMask = 2147483647;
			files = (
			);
			runOnlyForDeploymentPostprocessing = 0;
		};
/* End PBXFrameworksBuildPhase section */

/* Begin PBXGroup section */
		053EC8B926298EF600ED1FD0 = {
			isa = PBXGroup;
			children = (
				053EC8C826298EF600ED1FD0 /* Memo WatchKit App */,
				053EC8D426298EF700ED1FD0 /* Memo WatchKit Extension */,
				053EC8C126298EF600ED1FD0 /* Products */,
			);
			sourceTree = "<group>";
		};
		053EC8C126298EF600ED1FD0 /* Products */ = {
			isa = PBXGroup;
			children = (
				053EC8C026298EF600ED1FD0 /* Memo.app */,
				053EC8C426298EF600ED1FD0 /* Memo WatchKit App.app */,
				053EC8D026298EF700ED1FD0 /* Memo WatchKit Extension.appex */,
			);
			name = Products;
			sourceTree = "<group>";
		};
		053EC8C826298EF600ED1FD0 /* Memo WatchKit App */ = {
			isa = PBXGroup;
			children = (
				053EC8C926298EF600ED1FD0 /* Assets.xcassets */,
				053EC8CB26298EF600ED1FD0 /* Info.plist */,
			);
			path = "Memo WatchKit App";
			sourceTree = "<group>";
		};
		053EC8D426298EF700ED1FD0 /* Memo WatchKit Extension */ = {
			isa = PBXGroup;
			children = (
				053EC8D526298EF700ED1FD0 /* MemoApp.swift */,
				053EC8D726298EF700ED1FD0 /* ContentView.swift */,
				053EC8D926298EF700ED1FD0 /* NotificationController.swift */,
				053EC8DB26298EF700ED1FD0 /* NotificationView.swift */,
				053EC8DD26298EF700ED1FD0 /* ComplicationController.swift */,
				053EC8DF26298EF700ED1FD0 /* Assets.xcassets */,
				053EC8E426298EF700ED1FD0 /* Info.plist */,
				053EC8E526298EF700ED1FD0 /* PushNotificationPayload.apns */,
				053EC8E126298EF700ED1FD0 /* Preview Content */,
			);
			path = "Memo WatchKit Extension";
			sourceTree = "<group>";
		};
		053EC8E126298EF700ED1FD0 /* Preview Content */ = {
			isa = PBXGroup;
			children = (
				053EC8E226298EF700ED1FD0 /* Preview Assets.xcassets */,
			);
			path = "Preview Content";
			sourceTree = "<group>";
		};
/* End PBXGroup section */

/* Begin PBXNativeTarget section */
		053EC8BF26298EF600ED1FD0 /* Memo */ = {
			isa = PBXNativeTarget;
			buildConfigurationList = 053EC8F026298EF700ED1FD0 /* Build configuration list for PBXNativeTarget "Memo" */;
			buildPhases = (
				053EC8BE26298EF600ED1FD0 /* Resources */,
				053EC8EF26298EF700ED1FD0 /* Embed Watch Content */,
			);
			buildRules = (
			);
			dependencies = (
				053EC8C726298EF600ED1FD0 /* PBXTargetDependency */,
			);
			name = Memo;
			productName = Memo;
			productReference = 053EC8C026298EF600ED1FD0 /* Memo.app */;
			productType = "com.apple.product-type.application.watchapp2-container";
		};
		053EC8C326298EF600ED1FD0 /* Memo WatchKit App */ = {
			isa = PBXNativeTarget;
			buildConfigurationList = 053EC8EC26298EF700ED1FD0 /* Build configuration list for PBXNativeTarget "Memo WatchKit App" */;
			buildPhases = (
				053EC8C226298EF600ED1FD0 /* Resources */,
				053EC8EB26298EF700ED1FD0 /* Embed App Extensions */,
			);
			buildRules = (
			);
			dependencies = (
				053EC8D326298EF700ED1FD0 /* PBXTargetDependency */,
			);
			name = "Memo WatchKit App";
			productName = "Memo WatchKit App";
			productReference = 053EC8C426298EF600ED1FD0 /* Memo WatchKit App.app */;
			productType = "com.apple.product-type.application.watchapp2";
		};
		053EC8CF26298EF700ED1FD0 /* Memo WatchKit Extension */ = {
			isa = PBXNativeTarget;
			buildConfigurationList = 053EC8E826298EF700ED1FD0 /* Build configuration list for PBXNativeTarget "Memo WatchKit Extension" */;
			buildPhases = (
				053EC8CC26298EF700ED1FD0 /* Sources */,
				053EC8CD26298EF700ED1FD0 /* Frameworks */,
				053EC8CE26298EF700ED1FD0 /* Resources */,
			);
			buildRules = (
			);
			dependencies = (
			);
			name = "Memo WatchKit Extension";
			productName = "Memo WatchKit Extension";
			productReference = 053EC8D026298EF700ED1FD0 /* Memo WatchKit Extension.appex */;
			productType = "com.apple.product-type.watchkit2-extension";
		};
/* End PBXNativeTarget section */

/* Begin PBXProject section */
		053EC8BA26298EF600ED1FD0 /* Project object */ = {
			isa = PBXProject;
			attributes = {
				LastSwiftUpdateCheck = 1220;
				LastUpgradeCheck = 1220;
				TargetAttributes = {
					053EC8BF26298EF600ED1FD0 = {
						CreatedOnToolsVersion = 12.2;
					};
					053EC8C326298EF600ED1FD0 = {
						CreatedOnToolsVersion = 12.2;
					};
					053EC8CF26298EF700ED1FD0 = {
						CreatedOnToolsVersion = 12.2;
					};
				};
			};
			buildConfigurationList = 053EC8BD26298EF600ED1FD0 /* Build configuration list for PBXProject "Memo" */;
			compatibilityVersion = "Xcode 9.3";
			developmentRegion = en;
			hasScannedForEncodings = 0;
			knownRegions = (
				en,
				Base,
			);
			mainGroup = 053EC8B926298EF600ED1FD0;
			productRefGroup = 053EC8C126298EF600ED1FD0 /* Products */;
			projectDirPath = "";
			projectRoot = "";
			targets = (
				053EC8BF26298EF600ED1FD0 /* Memo */,
				053EC8C326298EF600ED1FD0 /* Memo WatchKit App */,
				053EC8CF26298EF700ED1FD0 /* Memo WatchKit Extension */,
			);
		};
/* End PBXProject section */

/* Begin PBXResourcesBuildPhase section */
		053EC8BE26298EF600ED1FD0 /* Resources */ = {
			isa = PBXResourcesBuildPhase;
			buildActionMask = 2147483647;
			files = (
			);
			runOnlyForDeploymentPostprocessing = 0;
		};
		053EC8C226298EF600ED1FD0 /* Resources */ = {
			isa = PBXResourcesBuildPhase;
			buildActionMask = 2147483647;
			files = (
				053EC8CA26298EF600ED1FD0 /* Assets.xcassets in Resources */,
			);
			runOnlyForDeploymentPostprocessing = 0;
		};
		053EC8CE26298EF700ED1FD0 /* Resources */ = {
			isa = PBXResourcesBuildPhase;
			buildActionMask = 2147483647;
			files = (
				053EC8E326298EF700ED1FD0 /* Preview Assets.xcassets in Resources */,
				053EC8E026298EF700ED1FD0 /* Assets.xcassets in Resources */,
			);
			runOnlyForDeploymentPostprocessing = 0;
		};
/* End PBXResourcesBuildPhase section */

/* Begin PBXSourcesBuildPhase section */
		053EC8CC26298EF700ED1FD0 /* Sources */ = {
			isa = PBXSourcesBuildPhase;
			buildActionMask = 2147483647;
			files = (
				053EC8DA26298EF700ED1FD0 /* NotificationController.swift in Sources */,
				053EC8D826298EF700ED1FD0 /* ContentView.swift in Sources */,
				053EC8DE26298EF700ED1FD0 /* ComplicationController.swift in Sources */,
				053EC8D626298EF700ED1FD0 /* MemoApp.swift in Sources */,
				053EC8DC26298EF700ED1FD0 /* NotificationView.swift in Sources */,
			);
			runOnlyForDeploymentPostprocessing = 0;
		};
/* End PBXSourcesBuildPhase section */

/* Begin PBXTargetDependency section */
		053EC8C726298EF600ED1FD0 /* PBXTargetDependency */ = {
			isa = PBXTargetDependency;
			target = 053EC8C326298EF600ED1FD0 /* Memo WatchKit App */;
			targetProxy = 053EC8C626298EF600ED1FD0 /* PBXContainerItemProxy */;
		};
		053EC8D326298EF700ED1FD0 /* PBXTargetDependency */ = {
			isa = PBXTargetDependency;
			target = 053EC8CF26298EF700ED1FD0 /* Memo WatchKit Extension */;
			targetProxy = 053EC8D226298EF700ED1FD0 /* PBXContainerItemProxy */;
		};
/* End PBXTargetDependency section */

/* Begin XCBuildConfiguration section */
		053EC8E626298EF700ED1FD0 /* Debug */ = {
			isa = XCBuildConfiguration;
			buildSettings = {
				ALWAYS_SEARCH_USER_PATHS = NO;
				CLANG_ANALYZER_NONNULL = YES;
				CLANG_ANALYZER_NUMBER_OBJECT_CONVERSION = YES_AGGRESSIVE;
				CLANG_CXX_LANGUAGE_STANDARD = "gnu++14";
				CLANG_CXX_LIBRARY = "libc++";
				CLANG_ENABLE_MODULES = YES;
				CLANG_ENABLE_OBJC_ARC = YES;
				CLANG_ENABLE_OBJC_WEAK = YES;
				CLANG_WARN_BLOCK_CAPTURE_AUTORELEASING = YES;
				CLANG_WARN_BOOL_CONVERSION = YES;
				CLANG_WARN_COMMA = YES;
				CLANG_WARN_CONSTANT_CONVERSION = YES;
				CLANG_WARN_DEPRECATED_OBJC_IMPLEMENTATIONS = YES;
				CLANG_WARN_DIRECT_OBJC_ISA_USAGE = YES_ERROR;
				CLANG_WARN_DOCUMENTATION_COMMENTS = YES;
				CLANG_WARN_EMPTY_BODY = YES;
				CLANG_WARN_ENUM_CONVERSION = YES;
				CLANG_WARN_INFINITE_RECURSION = YES;
				CLANG_WARN_INT_CONVERSION = YES;
				CLANG_WARN_NON_LITERAL_NULL_CONVERSION = YES;
				CLANG_WARN_OBJC_IMPLICIT_RETAIN_SELF = YES;
				CLANG_WARN_OBJC_LITERAL_CONVERSION = YES;
				CLANG_WARN_OBJC_ROOT_CLASS = YES_ERROR;
				CLANG_WARN_QUOTED_INCLUDE_IN_FRAMEWORK_HEADER = YES;
				CLANG_WARN_RANGE_LOOP_ANALYSIS = YES;
				CLANG_WARN_STRICT_PROTOTYPES = YES;
				CLANG_WARN_SUSPICIOUS_MOVE = YES;
				CLANG_WARN_UNGUARDED_AVAILABILITY = YES_AGGRESSIVE;
				CLANG_WARN_UNREACHABLE_CODE = YES;
				CLANG_WARN__DUPLICATE_METHOD_MATCH = YES;
				COPY_PHASE_STRIP = NO;
				DEBUG_INFORMATION_FORMAT = dwarf;
				ENABLE_STRICT_OBJC_MSGSEND = YES;
				ENABLE_TESTABILITY = YES;
				GCC_C_LANGUAGE_STANDARD = gnu11;
				GCC_DYNAMIC_NO_PIC = NO;
				GCC_NO_COMMON_BLOCKS = YES;
				GCC_OPTIMIZATION_LEVEL = 0;
				GCC_PREPROCESSOR_DEFINITIONS = (
					"DEBUG=1",
					"$(inherited)",
				);
				GCC_WARN_64_TO_32_BIT_CONVERSION = YES;
				GCC_WARN_ABOUT_RETURN_TYPE = YES_ERROR;
				GCC_WARN_UNDECLARED_SELECTOR = YES;
				GCC_WARN_UNINITIALIZED_AUTOS = YES_AGGRESSIVE;
				GCC_WARN_UNUSED_FUNCTION = YES;
				GCC_WARN_UNUSED_VARIABLE = YES;
				MTL_ENABLE_DEBUG_INFO = INCLUDE_SOURCE;
				MTL_FAST_MATH = YES;
				ONLY_ACTIVE_ARCH = YES;
				SDKROOT = iphoneos;
				SWIFT_ACTIVE_COMPILATION_CONDITIONS = DEBUG;
				SWIFT_OPTIMIZATION_LEVEL = "-Onone";
			};
			name = Debug;
		};
		053EC8E726298EF700ED1FD0 /* Release */ = {
			isa = XCBuildConfiguration;
			buildSettings = {
				ALWAYS_SEARCH_USER_PATHS = NO;
				CLANG_ANALYZER_NONNULL = YES;
				CLANG_ANALYZER_NUMBER_OBJECT_CONVERSION = YES_AGGRESSIVE;
				CLANG_CXX_LANGUAGE_STANDARD = "gnu++14";
				CLANG_CXX_LIBRARY = "libc++";
				CLANG_ENABLE_MODULES = YES;
				CLANG_ENABLE_OBJC_ARC = YES;
				CLANG_ENABLE_OBJC_WEAK = YES;
				CLANG_WARN_BLOCK_CAPTURE_AUTORELEASING = YES;
				CLANG_WARN_BOOL_CONVERSION = YES;
				CLANG_WARN_COMMA = YES;
				CLANG_WARN_CONSTANT_CONVERSION = YES;
				CLANG_WARN_DEPRECATED_OBJC_IMPLEMENTATIONS = YES;
				CLANG_WARN_DIRECT_OBJC_ISA_USAGE = YES_ERROR;
				CLANG_WARN_DOCUMENTATION_COMMENTS = YES;
				CLANG_WARN_EMPTY_BODY = YES;
				CLANG_WARN_ENUM_CONVERSION = YES;
				CLANG_WARN_INFINITE_RECURSION = YES;
				CLANG_WARN_INT_CONVERSION = YES;
				CLANG_WARN_NON_LITERAL_NULL_CONVERSION = YES;
				CLANG_WARN_OBJC_IMPLICIT_RETAIN_SELF = YES;
				CLANG_WARN_OBJC_LITERAL_CONVERSION = YES;
				CLANG_WARN_OBJC_ROOT_CLASS = YES_ERROR;
				CLANG_WARN_QUOTED_INCLUDE_IN_FRAMEWORK_HEADER = YES;
				CLANG_WARN_RANGE_LOOP_ANALYSIS = YES;
				CLANG_WARN_STRICT_PROTOTYPES = YES;
				CLANG_WARN_SUSPICIOUS_MOVE = YES;
				CLANG_WARN_UNGUARDED_AVAILABILITY = YES_AGGRESSIVE;
				CLANG_WARN_UNREACHABLE_CODE = YES;
				CLANG_WARN__DUPLICATE_METHOD_MATCH = YES;
				COPY_PHASE_STRIP = NO;
				DEBUG_INFORMATION_FORMAT = "dwarf-with-dsym";
				ENABLE_NS_ASSERTIONS = NO;
				ENABLE_STRICT_OBJC_MSGSEND = YES;
				GCC_C_LANGUAGE_STANDARD = gnu11;
				GCC_NO_COMMON_BLOCKS = YES;
				GCC_WARN_64_TO_32_BIT_CONVERSION = YES;
				GCC_WARN_ABOUT_RETURN_TYPE = YES_ERROR;
				GCC_WARN_UNDECLARED_SELECTOR = YES;
				GCC_WARN_UNINITIALIZED_AUTOS = YES_AGGRESSIVE;
				GCC_WARN_UNUSED_FUNCTION = YES;
				GCC_WARN_UNUSED_VARIABLE = YES;
				MTL_ENABLE_DEBUG_INFO = NO;
				MTL_FAST_MATH = YES;
				SDKROOT = iphoneos;
				SWIFT_COMPILATION_MODE = wholemodule;
				SWIFT_OPTIMIZATION_LEVEL = "-O";
				VALIDATE_PRODUCT = YES;
			};
			name = Release;
		};
		053EC8E926298EF700ED1FD0 /* Debug */ = {
			isa = XCBuildConfiguration;
			buildSettings = {
				ASSETCATALOG_COMPILER_COMPLICATION_NAME = Complication;
				CODE_SIGN_STYLE = Automatic;
				DEVELOPMENT_ASSET_PATHS = "\"Memo WatchKit Extension/Preview Content\"";
				DEVELOPMENT_TEAM = 6VDDYDW365;
				ENABLE_PREVIEWS = YES;
				INFOPLIST_FILE = "Memo WatchKit Extension/Info.plist";
				LD_RUNPATH_SEARCH_PATHS = (
					"$(inherited)",
					"@executable_path/Frameworks",
					"@executable_path/../../Frameworks",
				);
				PRODUCT_BUNDLE_IDENTIFIER = info.hamednrg.Memo.watchkitapp.watchkitextension;
				PRODUCT_NAME = "${TARGET_NAME}";
				SDKROOT = watchos;
				SKIP_INSTALL = YES;
				SWIFT_VERSION = 5.0;
				TARGETED_DEVICE_FAMILY = 4;
				WATCHOS_DEPLOYMENT_TARGET = 7.1;
			};
			name = Debug;
		};
		053EC8EA26298EF700ED1FD0 /* Release */ = {
			isa = XCBuildConfiguration;
			buildSettings = {
				ASSETCATALOG_COMPILER_COMPLICATION_NAME = Complication;
				CODE_SIGN_STYLE = Automatic;
				DEVELOPMENT_ASSET_PATHS = "\"Memo WatchKit Extension/Preview Content\"";
				DEVELOPMENT_TEAM = 6VDDYDW365;
				ENABLE_PREVIEWS = YES;
				INFOPLIST_FILE = "Memo WatchKit Extension/Info.plist";
				LD_RUNPATH_SEARCH_PATHS = (
					"$(inherited)",
					"@executable_path/Frameworks",
					"@executable_path/../../Frameworks",
				);
				PRODUCT_BUNDLE_IDENTIFIER = info.hamednrg.Memo.watchkitapp.watchkitextension;
				PRODUCT_NAME = "${TARGET_NAME}";
				SDKROOT = watchos;
				SKIP_INSTALL = YES;
				SWIFT_VERSION = 5.0;
				TARGETED_DEVICE_FAMILY = 4;
				WATCHOS_DEPLOYMENT_TARGET = 7.1;
			};
			name = Release;
		};
		053EC8ED26298EF700ED1FD0 /* Debug */ = {
			isa = XCBuildConfiguration;
			buildSettings = {
				ALWAYS_EMBED_SWIFT_STANDARD_LIBRARIES = YES;
				ASSETCATALOG_COMPILER_APPICON_NAME = AppIcon;
				ASSETCATALOG_COMPILER_GLOBAL_ACCENT_COLOR_NAME = AccentColor;
				CODE_SIGN_STYLE = Automatic;
				DEVELOPMENT_TEAM = 6VDDYDW365;
				IBSC_MODULE = Memo_WatchKit_Extension;
				INFOPLIST_FILE = "Memo WatchKit App/Info.plist";
				PRODUCT_BUNDLE_IDENTIFIER = info.hamednrg.Memo.watchkitapp;
				PRODUCT_NAME = "$(TARGET_NAME)";
				SDKROOT = watchos;
				SKIP_INSTALL = YES;
				SWIFT_VERSION = 5.0;
				TARGETED_DEVICE_FAMILY = 4;
				WATCHOS_DEPLOYMENT_TARGET = 7.1;
			};
			name = Debug;
		};
		053EC8EE26298EF700ED1FD0 /* Release */ = {
			isa = XCBuildConfiguration;
			buildSettings = {
				ALWAYS_EMBED_SWIFT_STANDARD_LIBRARIES = YES;
				ASSETCATALOG_COMPILER_APPICON_NAME = AppIcon;
				ASSETCATALOG_COMPILER_GLOBAL_ACCENT_COLOR_NAME = AccentColor;
				CODE_SIGN_STYLE = Automatic;
				DEVELOPMENT_TEAM = 6VDDYDW365;
				IBSC_MODULE = Memo_WatchKit_Extension;
				INFOPLIST_FILE = "Memo WatchKit App/Info.plist";
				PRODUCT_BUNDLE_IDENTIFIER = info.hamednrg.Memo.watchkitapp;
				PRODUCT_NAME = "$(TARGET_NAME)";
				SDKROOT = watchos;
				SKIP_INSTALL = YES;
				SWIFT_VERSION = 5.0;
				TARGETED_DEVICE_FAMILY = 4;
				WATCHOS_DEPLOYMENT_TARGET = 7.1;
			};
			name = Release;
		};
		053EC8F126298EF700ED1FD0 /* Debug */ = {
			isa = XCBuildConfiguration;
			buildSettings = {
				CODE_SIGN_STYLE = Automatic;
				CURRENT_PROJECT_VERSION = 1;
				DEVELOPMENT_TEAM = 6VDDYDW365;
				MARKETING_VERSION = 1.0;
				PRODUCT_BUNDLE_IDENTIFIER = info.hamednrg.Memo;
				PRODUCT_NAME = "$(TARGET_NAME)";
				SWIFT_VERSION = 5.0;
			};
			name = Debug;
		};
		053EC8F226298EF700ED1FD0 /* Release */ = {
			isa = XCBuildConfiguration;
			buildSettings = {
				CODE_SIGN_STYLE = Automatic;
				CURRENT_PROJECT_VERSION = 1;
				DEVELOPMENT_TEAM = 6VDDYDW365;
				MARKETING_VERSION = 1.0;
				PRODUCT_BUNDLE_IDENTIFIER = info.hamednrg.Memo;
				PRODUCT_NAME = "$(TARGET_NAME)";
				SWIFT_VERSION = 5.0;
			};
			name = Release;
		};
/* End XCBuildConfiguration section */

/* Begin XCConfigurationList section */
		053EC8BD26298EF600ED1FD0 /* Build configuration list for PBXProject "Memo" */ = {
			isa = XCConfigurationList;
			buildConfigurations = (
				053EC8E626298EF700ED1FD0 /* Debug */,
				053EC8E726298EF700ED1FD0 /* Release */,
			);
			defaultConfigurationIsVisible = 0;
			defaultConfigurationName = Release;
		};
		053EC8E826298EF700ED1FD0 /* Build configuration list for PBXNativeTarget "Memo WatchKit Extension" */ = {
			isa = XCConfigurationList;
			buildConfigurations = (
				053EC8E926298EF700ED1FD0 /* Debug */,
				053EC8EA26298EF700ED1FD0 /* Release */,
			);
			defaultConfigurationIsVisible = 0;
			defaultConfigurationName = Release;
		};
		053EC8EC26298EF700ED1FD0 /* Build configuration list for PBXNativeTarget "Memo WatchKit App" */ = {
			isa = XCConfigurationList;
			buildConfigurations = (
				053EC8ED26298EF700ED1FD0 /* Debug */,
				053EC8EE26298EF700ED1FD0 /* Release */,
			);
			defaultConfigurationIsVisible = 0;
			defaultConfigurationName = Release;
		};
		053EC8F026298EF700ED1FD0 /* Build configuration list for PBXNativeTarget "Memo" */ = {
			isa = XCConfigurationList;
			buildConfigurations = (
				053EC8F126298EF700ED1FD0 /* Debug */,
				053EC8F226298EF700ED1FD0 /* Release */,
			);
			defaultConfigurationIsVisible = 0;
			defaultConfigurationName = Release;
		};
/* End XCConfigurationList section */
	};
	rootObject = 053EC8BA26298EF600ED1FD0 /* Project object */;
}
